
Microsoft Visual Studio Solution File, Format Version 12.00
# Visual Studio Version 17
VisualStudioVersion = 17.1.32228.430
MinimumVisualStudioVersion = 10.0.40219.1
Project("{9A19103F-16F7-4668-BE54-9A1E7A4F7556}") = "LeetCode", "LeetCode\LeetCode.csproj", "{4074CDC1-EBE6-4A52-8AD8-07777408C819}"
EndProject
Project("{FAE04EC0-301F-11D3-BF4B-00C04F79EFBC}") = "LeetCodeTests", "LeetCodeTests\LeetCodeTests.csproj", "{2F232E00-463B-4014-B2E4-30A0A3899CA0}"
EndProject
Global
	GlobalSection(SolutionConfigurationPlatforms) = preSolution
		Debug|Any CPU = Debug|Any CPU
		Release|Any CPU = Release|Any CPU
	EndGlobalSection
	GlobalSection(ProjectConfigurationPlatforms) = postSolution
		{4074CDC1-EBE6-4A52-8AD8-07777408C819}.Debug|Any CPU.ActiveCfg = Debug|Any CPU
		{4074CDC1-EBE6-4A52-8AD8-07777408C819}.Debug|Any CPU.Build.0 = Debug|Any CPU
		{4074CDC1-EBE6-4A52-8AD8-07777408C819}.Release|Any CPU.ActiveCfg = Release|Any CPU
		{4074CDC1-EBE6-4A52-8AD8-07777408C819}.Release|Any CPU.Build.0 = Release|Any CPU
		{2F232E00-463B-4014-B2E4-30A0A3899CA0}.Debug|Any CPU.ActiveCfg = Debug|Any CPU
		{2F232E00-463B-4014-B2E4-30A0A3899CA0}.Debug|Any CPU.Build.0 = Debug|Any CPU
		{2F232E00-463B-4014-B2E4-30A0A3899CA0}.Release|Any CPU.ActiveCfg = Release|Any CPU
		{2F232E00-463B-4014-B2E4-30A0A3899CA0}.Release|Any CPU.Build.0 = Release|Any CPU
	EndGlobalSection
	GlobalSection(SolutionProperties) = preSolution
		HideSolutionNode = FALSE
	EndGlobalSection
	GlobalSection(ExtensibilityGlobals) = postSolution
		SolutionGuid = {BF4C4F29-BBA6-4756-B75D-BEBA91083F99}
	EndGlobalSection
EndGlobal
